// !$*UTF8*$!
{
	archiveVersion = 1;
	classes = {
	};
	objectVersion = 50;
	objects = {

/* Begin PBXBuildFile section */
		77EA0CBD2664038000DAF576 /* AppDelegate.swift in Sources */ = {isa = PBXBuildFile; fileRef = 77EA0CBC2664038000DAF576 /* AppDelegate.swift */; };
		77EA0CBF2664038000DAF576 /* SceneDelegate.swift in Sources */ = {isa = PBXBuildFile; fileRef = 77EA0CBE2664038000DAF576 /* SceneDelegate.swift */; };
		77EA0CC12664038000DAF576 /* ViewController.swift in Sources */ = {isa = PBXBuildFile; fileRef = 77EA0CC02664038000DAF576 /* ViewController.swift */; };
		77EA0CC42664038000DAF576 /* Main.storyboard in Resources */ = {isa = PBXBuildFile; fileRef = 77EA0CC22664038000DAF576 /* Main.storyboard */; };
		77EA0CC62664038100DAF576 /* Assets.xcassets in Resources */ = {isa = PBXBuildFile; fileRef = 77EA0CC52664038100DAF576 /* Assets.xcassets */; };
		77EA0CC92664038100DAF576 /* LaunchScreen.storyboard in Resources */ = {isa = PBXBuildFile; fileRef = 77EA0CC72664038100DAF576 /* LaunchScreen.storyboard */; };
		77EA0CD42664038100DAF576 /* ContactsTests.swift in Sources */ = {isa = PBXBuildFile; fileRef = 77EA0CD32664038100DAF576 /* ContactsTests.swift */; };
		77EA0CDF2664038100DAF576 /* ContactsUITests.swift in Sources */ = {isa = PBXBuildFile; fileRef = 77EA0CDE2664038100DAF576 /* ContactsUITests.swift */; };
/* End PBXBuildFile section */

/* Begin PBXContainerItemProxy section */
		77EA0CD02664038100DAF576 /* PBXContainerItemProxy */ = {
			isa = PBXContainerItemProxy;
			containerPortal = 77EA0CB12664038000DAF576 /* Project object */;
			proxyType = 1;
			remoteGlobalIDString = 77EA0CB82664038000DAF576;
			remoteInfo = Contacts;
		};
		77EA0CDB2664038100DAF576 /* PBXContainerItemProxy */ = {
			isa = PBXContainerItemProxy;
			containerPortal = 77EA0CB12664038000DAF576 /* Project object */;
			proxyType = 1;
			remoteGlobalIDString = 77EA0CB82664038000DAF576;
			remoteInfo = Contacts;
		};
/* End PBXContainerItemProxy section */

/* Begin PBXFileReference section */
		77EA0CB92664038000DAF576 /* Contacts.app */ = {isa = PBXFileReference; explicitFileType = wrapper.application; includeInIndex = 0; path = Contacts.app; sourceTree = BUILT_PRODUCTS_DIR; };
		77EA0CBC2664038000DAF576 /* AppDelegate.swift */ = {isa = PBXFileReference; lastKnownFileType = sourcecode.swift; path = AppDelegate.swift; sourceTree = "<group>"; };
		77EA0CBE2664038000DAF576 /* SceneDelegate.swift */ = {isa = PBXFileReference; lastKnownFileType = sourcecode.swift; path = SceneDelegate.swift; sourceTree = "<group>"; };
		77EA0CC02664038000DAF576 /* ViewController.swift */ = {isa = PBXFileReference; lastKnownFileType = sourcecode.swift; path = ViewController.swift; sourceTree = "<group>"; };
		77EA0CC32664038000DAF576 /* Base */ = {isa = PBXFileReference; lastKnownFileType = file.storyboard; name = Base; path = Base.lproj/Main.storyboard; sourceTree = "<group>"; };
		77EA0CC52664038100DAF576 /* Assets.xcassets */ = {isa = PBXFileReference; lastKnownFileType = folder.assetcatalog; path = Assets.xcassets; sourceTree = "<group>"; };
		77EA0CC82664038100DAF576 /* Base */ = {isa = PBXFileReference; lastKnownFileType = file.storyboard; name = Base; path = Base.lproj/LaunchScreen.storyboard; sourceTree = "<group>"; };
		77EA0CCA2664038100DAF576 /* Info.plist */ = {isa = PBXFileReference; lastKnownFileType = text.plist.xml; path = Info.plist; sourceTree = "<group>"; };
		77EA0CCF2664038100DAF576 /* ContactsTests.xctest */ = {isa = PBXFileReference; explicitFileType = wrapper.cfbundle; includeInIndex = 0; path = ContactsTests.xctest; sourceTree = BUILT_PRODUCTS_DIR; };
		77EA0CD32664038100DAF576 /* ContactsTests.swift */ = {isa = PBXFileReference; lastKnownFileType = sourcecode.swift; path = ContactsTests.swift; sourceTree = "<group>"; };
		77EA0CD52664038100DAF576 /* Info.plist */ = {isa = PBXFileReference; lastKnownFileType = text.plist.xml; path = Info.plist; sourceTree = "<group>"; };
		77EA0CDA2664038100DAF576 /* ContactsUITests.xctest */ = {isa = PBXFileReference; explicitFileType = wrapper.cfbundle; includeInIndex = 0; path = ContactsUITests.xctest; sourceTree = BUILT_PRODUCTS_DIR; };
		77EA0CDE2664038100DAF576 /* ContactsUITests.swift */ = {isa = PBXFileReference; lastKnownFileType = sourcecode.swift; path = ContactsUITests.swift; sourceTree = "<group>"; };
		77EA0CE02664038100DAF576 /* Info.plist */ = {isa = PBXFileReference; lastKnownFileType = text.plist.xml; path = Info.plist; sourceTree = "<group>"; };
/* End PBXFileReference section */

/* Begin PBXFrameworksBuildPhase section */
		77EA0CB62664038000DAF576 /* Frameworks */ = {
			isa = PBXFrameworksBuildPhase;
			buildActionMask = 2147483647;
			files = (
			);
			runOnlyForDeploymentPostprocessing = 0;
		};
		77EA0CCC2664038100DAF576 /* Frameworks */ = {
			isa = PBXFrameworksBuildPhase;
			buildActionMask = 2147483647;
			files = (
			);
			runOnlyForDeploymentPostprocessing = 0;
		};
		77EA0CD72664038100DAF576 /* Frameworks */ = {
			isa = PBXFrameworksBuildPhase;
			buildActionMask = 2147483647;
			files = (
			);
			runOnlyForDeploymentPostprocessing = 0;
		};
/* End PBXFrameworksBuildPhase section */

/* Begin PBXGroup section */
		77EA0CB02664038000DAF576 = {
			isa = PBXGroup;
			children = (
				77EA0CBB2664038000DAF576 /* Contacts */,
				77EA0CD22664038100DAF576 /* ContactsTests */,
				77EA0CDD2664038100DAF576 /* ContactsUITests */,
				77EA0CBA2664038000DAF576 /* Products */,
			);
			sourceTree = "<group>";
		};
		77EA0CBA2664038000DAF576 /* Products */ = {
			isa = PBXGroup;
			children = (
				77EA0CB92664038000DAF576 /* Contacts.app */,
				77EA0CCF2664038100DAF576 /* ContactsTests.xctest */,
				77EA0CDA2664038100DAF576 /* ContactsUITests.xctest */,
			);
			name = Products;
			sourceTree = "<group>";
		};
		77EA0CBB2664038000DAF576 /* Contacts */ = {
			isa = PBXGroup;
			children = (
				77EA0CBC2664038000DAF576 /* AppDelegate.swift */,
				77EA0CBE2664038000DAF576 /* SceneDelegate.swift */,
				77EA0CC02664038000DAF576 /* ViewController.swift */,
				77EA0CC22664038000DAF576 /* Main.storyboard */,
				77EA0CC52664038100DAF576 /* Assets.xcassets */,
				77EA0CC72664038100DAF576 /* LaunchScreen.storyboard */,
				77EA0CCA2664038100DAF576 /* Info.plist */,
			);
			path = Contacts;
			sourceTree = "<group>";
		};
		77EA0CD22664038100DAF576 /* ContactsTests */ = {
			isa = PBXGroup;
			children = (
				77EA0CD32664038100DAF576 /* ContactsTests.swift */,
				77EA0CD52664038100DAF576 /* Info.plist */,
			);
			path = ContactsTests;
			sourceTree = "<group>";
		};
		77EA0CDD2664038100DAF576 /* ContactsUITests */ = {
			isa = PBXGroup;
			children = (
				77EA0CDE2664038100DAF576 /* ContactsUITests.swift */,
				77EA0CE02664038100DAF576 /* Info.plist */,
			);
			path = ContactsUITests;
			sourceTree = "<group>";
		};
/* End PBXGroup section */

/* Begin PBXNativeTarget section */
		77EA0CB82664038000DAF576 /* Contacts */ = {
			isa = PBXNativeTarget;
			buildConfigurationList = 77EA0CE32664038100DAF576 /* Build configuration list for PBXNativeTarget "Contacts" */;
			buildPhases = (
				77EA0CB52664038000DAF576 /* Sources */,
				77EA0CB62664038000DAF576 /* Frameworks */,
				77EA0CB72664038000DAF576 /* Resources */,
			);
			buildRules = (
			);
			dependencies = (
			);
			name = Contacts;
			productName = Contacts;
			productReference = 77EA0CB92664038000DAF576 /* Contacts.app */;
			productType = "com.apple.product-type.application";
		};
		77EA0CCE2664038100DAF576 /* ContactsTests */ = {
			isa = PBXNativeTarget;
			buildConfigurationList = 77EA0CE62664038100DAF576 /* Build configuration list for PBXNativeTarget "ContactsTests" */;
			buildPhases = (
				77EA0CCB2664038100DAF576 /* Sources */,
				77EA0CCC2664038100DAF576 /* Frameworks */,
				77EA0CCD2664038100DAF576 /* Resources */,
			);
			buildRules = (
			);
			dependencies = (
				77EA0CD12664038100DAF576 /* PBXTargetDependency */,
			);
			name = ContactsTests;
			productName = ContactsTests;
			productReference = 77EA0CCF2664038100DAF576 /* ContactsTests.xctest */;
			productType = "com.apple.product-type.bundle.unit-test";
		};
		77EA0CD92664038100DAF576 /* ContactsUITests */ = {
			isa = PBXNativeTarget;
			buildConfigurationList = 77EA0CE92664038100DAF576 /* Build configuration list for PBXNativeTarget "ContactsUITests" */;
			buildPhases = (
				77EA0CD62664038100DAF576 /* Sources */,
				77EA0CD72664038100DAF576 /* Frameworks */,
				77EA0CD82664038100DAF576 /* Resources */,
			);
			buildRules = (
			);
			dependencies = (
				77EA0CDC2664038100DAF576 /* PBXTargetDependency */,
			);
			name = ContactsUITests;
			productName = ContactsUITests;
			productReference = 77EA0CDA2664038100DAF576 /* ContactsUITests.xctest */;
			productType = "com.apple.product-type.bundle.ui-testing";
		};
/* End PBXNativeTarget section */

/* Begin PBXProject section */
		77EA0CB12664038000DAF576 /* Project object */ = {
			isa = PBXProject;
			attributes = {
				LastSwiftUpdateCheck = 1250;
				LastUpgradeCheck = 1250;
				TargetAttributes = {
					77EA0CB82664038000DAF576 = {
						CreatedOnToolsVersion = 12.5;
					};
					77EA0CCE2664038100DAF576 = {
						CreatedOnToolsVersion = 12.5;
						TestTargetID = 77EA0CB82664038000DAF576;
					};
					77EA0CD92664038100DAF576 = {
						CreatedOnToolsVersion = 12.5;
						TestTargetID = 77EA0CB82664038000DAF576;
					};
				};
			};
			buildConfigurationList = 77EA0CB42664038000DAF576 /* Build configuration list for PBXProject "Contacts" */;
			compatibilityVersion = "Xcode 9.3";
			developmentRegion = en;
			hasScannedForEncodings = 0;
			knownRegions = (
				en,
				Base,
			);
			mainGroup = 77EA0CB02664038000DAF576;
			productRefGroup = 77EA0CBA2664038000DAF576 /* Products */;
			projectDirPath = "";
			projectRoot = "";
			targets = (
				77EA0CB82664038000DAF576 /* Contacts */,
				77EA0CCE2664038100DAF576 /* ContactsTests */,
				77EA0CD92664038100DAF576 /* ContactsUITests */,
			);
		};
/* End PBXProject section */

/* Begin PBXResourcesBuildPhase section */
		77EA0CB72664038000DAF576 /* Resources */ = {
			isa = PBXResourcesBuildPhase;
			buildActionMask = 2147483647;
			files = (
				77EA0CC92664038100DAF576 /* LaunchScreen.storyboard in Resources */,
				77EA0CC62664038100DAF576 /* Assets.xcassets in Resources */,
				77EA0CC42664038000DAF576 /* Main.storyboard in Resources */,
			);
			runOnlyForDeploymentPostprocessing = 0;
		};
		77EA0CCD2664038100DAF576 /* Resources */ = {
			isa = PBXResourcesBuildPhase;
			buildActionMask = 2147483647;
			files = (
			);
			runOnlyForDeploymentPostprocessing = 0;
		};
		77EA0CD82664038100DAF576 /* Resources */ = {
			isa = PBXResourcesBuildPhase;
			buildActionMask = 2147483647;
			files = (
			);
			runOnlyForDeploymentPostprocessing = 0;
		};
/* End PBXResourcesBuildPhase section */

/* Begin PBXSourcesBuildPhase section */
		77EA0CB52664038000DAF576 /* Sources */ = {
			isa = PBXSourcesBuildPhase;
			buildActionMask = 2147483647;
			files = (
				77EA0CC12664038000DAF576 /* ViewController.swift in Sources */,
				77EA0CBD2664038000DAF576 /* AppDelegate.swift in Sources */,
				77EA0CBF2664038000DAF576 /* SceneDelegate.swift in Sources */,
			);
			runOnlyForDeploymentPostprocessing = 0;
		};
		77EA0CCB2664038100DAF576 /* Sources */ = {
			isa = PBXSourcesBuildPhase;
			buildActionMask = 2147483647;
			files = (
				77EA0CD42664038100DAF576 /* ContactsTests.swift in Sources */,
			);
			runOnlyForDeploymentPostprocessing = 0;
		};
		77EA0CD62664038100DAF576 /* Sources */ = {
			isa = PBXSourcesBuildPhase;
			buildActionMask = 2147483647;
			files = (
				77EA0CDF2664038100DAF576 /* ContactsUITests.swift in Sources */,
			);
			runOnlyForDeploymentPostprocessing = 0;
		};
/* End PBXSourcesBuildPhase section */

/* Begin PBXTargetDependency section */
		77EA0CD12664038100DAF576 /* PBXTargetDependency */ = {
			isa = PBXTargetDependency;
			target = 77EA0CB82664038000DAF576 /* Contacts */;
			targetProxy = 77EA0CD02664038100DAF576 /* PBXContainerItemProxy */;
		};
		77EA0CDC2664038100DAF576 /* PBXTargetDependency */ = {
			isa = PBXTargetDependency;
			target = 77EA0CB82664038000DAF576 /* Contacts */;
			targetProxy = 77EA0CDB2664038100DAF576 /* PBXContainerItemProxy */;
		};
/* End PBXTargetDependency section */

/* Begin PBXVariantGroup section */
		77EA0CC22664038000DAF576 /* Main.storyboard */ = {
			isa = PBXVariantGroup;
			children = (
				77EA0CC32664038000DAF576 /* Base */,
			);
			name = Main.storyboard;
			sourceTree = "<group>";
		};
		77EA0CC72664038100DAF576 /* LaunchScreen.storyboard */ = {
			isa = PBXVariantGroup;
			children = (
				77EA0CC82664038100DAF576 /* Base */,
			);
			name = LaunchScreen.storyboard;
			sourceTree = "<group>";
		};
/* End PBXVariantGroup section */

/* Begin XCBuildConfiguration section */
		77EA0CE12664038100DAF576 /* Debug */ = {
			isa = XCBuildConfiguration;
			buildSettings = {
				ALWAYS_SEARCH_USER_PATHS = NO;
				CLANG_ANALYZER_NONNULL = YES;
				CLANG_ANALYZER_NUMBER_OBJECT_CONVERSION = YES_AGGRESSIVE;
				CLANG_CXX_LANGUAGE_STANDARD = "gnu++14";
				CLANG_CXX_LIBRARY = "libc++";
				CLANG_ENABLE_MODULES = YES;
				CLANG_ENABLE_OBJC_ARC = YES;
				CLANG_ENABLE_OBJC_WEAK = YES;
				CLANG_WARN_BLOCK_CAPTURE_AUTORELEASING = YES;
				CLANG_WARN_BOOL_CONVERSION = YES;
				CLANG_WARN_COMMA = YES;
				CLANG_WARN_CONSTANT_CONVERSION = YES;
				CLANG_WARN_DEPRECATED_OBJC_IMPLEMENTATIONS = YES;
				CLANG_WARN_DIRECT_OBJC_ISA_USAGE = YES_ERROR;
				CLANG_WARN_DOCUMENTATION_COMMENTS = YES;
				CLANG_WARN_EMPTY_BODY = YES;
				CLANG_WARN_ENUM_CONVERSION = YES;
				CLANG_WARN_INFINITE_RECURSION = YES;
				CLANG_WARN_INT_CONVERSION = YES;
				CLANG_WARN_NON_LITERAL_NULL_CONVERSION = YES;
				CLANG_WARN_OBJC_IMPLICIT_RETAIN_SELF = YES;
				CLANG_WARN_OBJC_LITERAL_CONVERSION = YES;
				CLANG_WARN_OBJC_ROOT_CLASS = YES_ERROR;
				CLANG_WARN_QUOTED_INCLUDE_IN_FRAMEWORK_HEADER = YES;
				CLANG_WARN_RANGE_LOOP_ANALYSIS = YES;
				CLANG_WARN_STRICT_PROTOTYPES = YES;
				CLANG_WARN_SUSPICIOUS_MOVE = YES;
				CLANG_WARN_UNGUARDED_AVAILABILITY = YES_AGGRESSIVE;
				CLANG_WARN_UNREACHABLE_CODE = YES;
				CLANG_WARN__DUPLICATE_METHOD_MATCH = YES;
				COPY_PHASE_STRIP = NO;
				DEBUG_INFORMATION_FORMAT = dwarf;
				ENABLE_STRICT_OBJC_MSGSEND = YES;
				ENABLE_TESTABILITY = YES;
				GCC_C_LANGUAGE_STANDARD = gnu11;
				GCC_DYNAMIC_NO_PIC = NO;
				GCC_NO_COMMON_BLOCKS = YES;
				GCC_OPTIMIZATION_LEVEL = 0;
				GCC_PREPROCESSOR_DEFINITIONS = (
					"DEBUG=1",
					"$(inherited)",
				);
				GCC_WARN_64_TO_32_BIT_CONVERSION = YES;
				GCC_WARN_ABOUT_RETURN_TYPE = YES_ERROR;
				GCC_WARN_UNDECLARED_SELECTOR = YES;
				GCC_WARN_UNINITIALIZED_AUTOS = YES_AGGRESSIVE;
				GCC_WARN_UNUSED_FUNCTION = YES;
				GCC_WARN_UNUSED_VARIABLE = YES;
				IPHONEOS_DEPLOYMENT_TARGET = 14.5;
				MTL_ENABLE_DEBUG_INFO = INCLUDE_SOURCE;
				MTL_FAST_MATH = YES;
				ONLY_ACTIVE_ARCH = YES;
				SDKROOT = iphoneos;
				SWIFT_ACTIVE_COMPILATION_CONDITIONS = DEBUG;
				SWIFT_OPTIMIZATION_LEVEL = "-Onone";
			};
			name = Debug;
		};
		77EA0CE22664038100DAF576 /* Release */ = {
			isa = XCBuildConfiguration;
			buildSettings = {
				ALWAYS_SEARCH_USER_PATHS = NO;
				CLANG_ANALYZER_NONNULL = YES;
				CLANG_ANALYZER_NUMBER_OBJECT_CONVERSION = YES_AGGRESSIVE;
				CLANG_CXX_LANGUAGE_STANDARD = "gnu++14";
				CLANG_CXX_LIBRARY = "libc++";
				CLANG_ENABLE_MODULES = YES;
				CLANG_ENABLE_OBJC_ARC = YES;
				CLANG_ENABLE_OBJC_WEAK = YES;
				CLANG_WARN_BLOCK_CAPTURE_AUTORELEASING = YES;
				CLANG_WARN_BOOL_CONVERSION = YES;
				CLANG_WARN_COMMA = YES;
				CLANG_WARN_CONSTANT_CONVERSION = YES;
				CLANG_WARN_DEPRECATED_OBJC_IMPLEMENTATIONS = YES;
				CLANG_WARN_DIRECT_OBJC_ISA_USAGE = YES_ERROR;
				CLANG_WARN_DOCUMENTATION_COMMENTS = YES;
				CLANG_WARN_EMPTY_BODY = YES;
				CLANG_WARN_ENUM_CONVERSION = YES;
				CLANG_WARN_INFINITE_RECURSION = YES;
				CLANG_WARN_INT_CONVERSION = YES;
				CLANG_WARN_NON_LITERAL_NULL_CONVERSION = YES;
				CLANG_WARN_OBJC_IMPLICIT_RETAIN_SELF = YES;
				CLANG_WARN_OBJC_LITERAL_CONVERSION = YES;
				CLANG_WARN_OBJC_ROOT_CLASS = YES_ERROR;
				CLANG_WARN_QUOTED_INCLUDE_IN_FRAMEWORK_HEADER = YES;
				CLANG_WARN_RANGE_LOOP_ANALYSIS = YES;
				CLANG_WARN_STRICT_PROTOTYPES = YES;
				CLANG_WARN_SUSPICIOUS_MOVE = YES;
				CLANG_WARN_UNGUARDED_AVAILABILITY = YES_AGGRESSIVE;
				CLANG_WARN_UNREACHABLE_CODE = YES;
				CLANG_WARN__DUPLICATE_METHOD_MATCH = YES;
				COPY_PHASE_STRIP = NO;
				DEBUG_INFORMATION_FORMAT = "dwarf-with-dsym";
				ENABLE_NS_ASSERTIONS = NO;
				ENABLE_STRICT_OBJC_MSGSEND = YES;
				GCC_C_LANGUAGE_STANDARD = gnu11;
				GCC_NO_COMMON_BLOCKS = YES;
				GCC_WARN_64_TO_32_BIT_CONVERSION = YES;
				GCC_WARN_ABOUT_RETURN_TYPE = YES_ERROR;
				GCC_WARN_UNDECLARED_SELECTOR = YES;
				GCC_WARN_UNINITIALIZED_AUTOS = YES_AGGRESSIVE;
				GCC_WARN_UNUSED_FUNCTION = YES;
				GCC_WARN_UNUSED_VARIABLE = YES;
				IPHONEOS_DEPLOYMENT_TARGET = 14.5;
				MTL_ENABLE_DEBUG_INFO = NO;
				MTL_FAST_MATH = YES;
				SDKROOT = iphoneos;
				SWIFT_COMPILATION_MODE = wholemodule;
				SWIFT_OPTIMIZATION_LEVEL = "-O";
				VALIDATE_PRODUCT = YES;
			};
			name = Release;
		};
		77EA0CE42664038100DAF576 /* Debug */ = {
			isa = XCBuildConfiguration;
			buildSettings = {
				ASSETCATALOG_COMPILER_APPICON_NAME = AppIcon;
				ASSETCATALOG_COMPILER_GLOBAL_ACCENT_COLOR_NAME = AccentColor;
				CODE_SIGN_STYLE = Automatic;
				DEVELOPMENT_TEAM = F3L83SFX87;
				INFOPLIST_FILE = Contacts/Info.plist;
				LD_RUNPATH_SEARCH_PATHS = (
					"$(inherited)",
					"@executable_path/Frameworks",
				);
				PRODUCT_BUNDLE_IDENTIFIER = com.eltiren.contacts.Contacts;
				PRODUCT_NAME = "$(TARGET_NAME)";
				SWIFT_VERSION = 5.0;
				TARGETED_DEVICE_FAMILY = "1,2";
			};
			name = Debug;
		};
		77EA0CE52664038100DAF576 /* Release */ = {
			isa = XCBuildConfiguration;
			buildSettings = {
				ASSETCATALOG_COMPILER_APPICON_NAME = AppIcon;
				ASSETCATALOG_COMPILER_GLOBAL_ACCENT_COLOR_NAME = AccentColor;
				CODE_SIGN_STYLE = Automatic;
				DEVELOPMENT_TEAM = F3L83SFX87;
				INFOPLIST_FILE = Contacts/Info.plist;
				LD_RUNPATH_SEARCH_PATHS = (
					"$(inherited)",
					"@executable_path/Frameworks",
				);
				PRODUCT_BUNDLE_IDENTIFIER = com.eltiren.contacts.Contacts;
				PRODUCT_NAME = "$(TARGET_NAME)";
				SWIFT_VERSION = 5.0;
				TARGETED_DEVICE_FAMILY = "1,2";
			};
			name = Release;
		};
		77EA0CE72664038100DAF576 /* Debug */ = {
			isa = XCBuildConfiguration;
			buildSettings = {
				ALWAYS_EMBED_SWIFT_STANDARD_LIBRARIES = YES;
				BUNDLE_LOADER = "$(TEST_HOST)";
				CODE_SIGN_STYLE = Automatic;
				DEVELOPMENT_TEAM = F3L83SFX87;
				INFOPLIST_FILE = ContactsTests/Info.plist;
				IPHONEOS_DEPLOYMENT_TARGET = 14.5;
				LD_RUNPATH_SEARCH_PATHS = (
					"$(inherited)",
					"@executable_path/Frameworks",
					"@loader_path/Frameworks",
				);
				PRODUCT_BUNDLE_IDENTIFIER = com.eltiren.contacts.ContactsTests;
				PRODUCT_NAME = "$(TARGET_NAME)";
				SWIFT_VERSION = 5.0;
				TARGETED_DEVICE_FAMILY = "1,2";
				TEST_HOST = "$(BUILT_PRODUCTS_DIR)/Contacts.app/Contacts";
			};
			name = Debug;
		};
		77EA0CE82664038100DAF576 /* Release */ = {
			isa = XCBuildConfiguration;
			buildSettings = {
				ALWAYS_EMBED_SWIFT_STANDARD_LIBRARIES = YES;
				BUNDLE_LOADER = "$(TEST_HOST)";
				CODE_SIGN_STYLE = Automatic;
				DEVELOPMENT_TEAM = F3L83SFX87;
				INFOPLIST_FILE = ContactsTests/Info.plist;
				IPHONEOS_DEPLOYMENT_TARGET = 14.5;
				LD_RUNPATH_SEARCH_PATHS = (
					"$(inherited)",
					"@executable_path/Frameworks",
					"@loader_path/Frameworks",
				);
				PRODUCT_BUNDLE_IDENTIFIER = com.eltiren.contacts.ContactsTests;
				PRODUCT_NAME = "$(TARGET_NAME)";
				SWIFT_VERSION = 5.0;
				TARGETED_DEVICE_FAMILY = "1,2";
				TEST_HOST = "$(BUILT_PRODUCTS_DIR)/Contacts.app/Contacts";
			};
			name = Release;
		};
		77EA0CEA2664038100DAF576 /* Debug */ = {
			isa = XCBuildConfiguration;
			buildSettings = {
				ALWAYS_EMBED_SWIFT_STANDARD_LIBRARIES = YES;
				CODE_SIGN_STYLE = Automatic;
				DEVELOPMENT_TEAM = F3L83SFX87;
				INFOPLIST_FILE = ContactsUITests/Info.plist;
				LD_RUNPATH_SEARCH_PATHS = (
					"$(inherited)",
					"@executable_path/Frameworks",
					"@loader_path/Frameworks",
				);
				PRODUCT_BUNDLE_IDENTIFIER = com.eltiren.contacts.ContactsUITests;
				PRODUCT_NAME = "$(TARGET_NAME)";
				SWIFT_VERSION = 5.0;
				TARGETED_DEVICE_FAMILY = "1,2";
				TEST_TARGET_NAME = Contacts;
			};
			name = Debug;
		};
		77EA0CEB2664038100DAF576 /* Release */ = {
			isa = XCBuildConfiguration;
			buildSettings = {
				ALWAYS_EMBED_SWIFT_STANDARD_LIBRARIES = YES;
				CODE_SIGN_STYLE = Automatic;
				DEVELOPMENT_TEAM = F3L83SFX87;
				INFOPLIST_FILE = ContactsUITests/Info.plist;
				LD_RUNPATH_SEARCH_PATHS = (
					"$(inherited)",
					"@executable_path/Frameworks",
					"@loader_path/Frameworks",
				);
				PRODUCT_BUNDLE_IDENTIFIER = com.eltiren.contacts.ContactsUITests;
				PRODUCT_NAME = "$(TARGET_NAME)";
				SWIFT_VERSION = 5.0;
				TARGETED_DEVICE_FAMILY = "1,2";
				TEST_TARGET_NAME = Contacts;
			};
			name = Release;
		};
/* End XCBuildConfiguration section */

/* Begin XCConfigurationList section */
		77EA0CB42664038000DAF576 /* Build configuration list for PBXProject "Contacts" */ = {
			isa = XCConfigurationList;
			buildConfigurations = (
				77EA0CE12664038100DAF576 /* Debug */,
				77EA0CE22664038100DAF576 /* Release */,
			);
			defaultConfigurationIsVisible = 0;
			defaultConfigurationName = Release;
		};
		77EA0CE32664038100DAF576 /* Build configuration list for PBXNativeTarget "Contacts" */ = {
			isa = XCConfigurationList;
			buildConfigurations = (
				77EA0CE42664038100DAF576 /* Debug */,
				77EA0CE52664038100DAF576 /* Release */,
			);
			defaultConfigurationIsVisible = 0;
			defaultConfigurationName = Release;
		};
		77EA0CE62664038100DAF576 /* Build configuration list for PBXNativeTarget "ContactsTests" */ = {
			isa = XCConfigurationList;
			buildConfigurations = (
				77EA0CE72664038100DAF576 /* Debug */,
				77EA0CE82664038100DAF576 /* Release */,
			);
			defaultConfigurationIsVisible = 0;
			defaultConfigurationName = Release;
		};
		77EA0CE92664038100DAF576 /* Build configuration list for PBXNativeTarget "ContactsUITests" */ = {
			isa = XCConfigurationList;
			buildConfigurations = (
				77EA0CEA2664038100DAF576 /* Debug */,
				77EA0CEB2664038100DAF576 /* Release */,
			);
			defaultConfigurationIsVisible = 0;
			defaultConfigurationName = Release;
		};
/* End XCConfigurationList section */
	};
	rootObject = 77EA0CB12664038000DAF576 /* Project object */;
}
